
Microsoft Visual Studio Solution File, Format Version 12.00
# Visual Studio Version 17
VisualStudioVersion = 17.11.35222.181
MinimumVisualStudioVersion = 10.0.40219.1
Project("{FAE04EC0-301F-11D3-BF4B-00C04F79EFBC}") = "ResizeImage", "ResizeImage\ResizeImage.csproj", "{FF10176E-5868-4A80-9356-A2989E8FE37B}"
EndProject
Global
	GlobalSection(SolutionConfigurationPlatforms) = preSolution
		Debug|Any CPU = Debug|Any CPU
		Release|Any CPU = Release|Any CPU
	EndGlobalSection
	GlobalSection(ProjectConfigurationPlatforms) = postSolution
		{FF10176E-5868-4A80-9356-A2989E8FE37B}.Debug|Any CPU.ActiveCfg = Debug|Any CPU
		{FF10176E-5868-4A80-9356-A2989E8FE37B}.Debug|Any CPU.Build.0 = Debug|Any CPU
		{FF10176E-5868-4A80-9356-A2989E8FE37B}.Release|Any CPU.ActiveCfg = Release|Any CPU
		{FF10176E-5868-4A80-9356-A2989E8FE37B}.Release|Any CPU.Build.0 = Release|Any CPU
	EndGlobalSection
	GlobalSection(SolutionProperties) = preSolution
		HideSolutionNode = FALSE
	EndGlobalSection
	GlobalSection(ExtensibilityGlobals) = postSolution
		SolutionGuid = {24FB550E-3712-4C2F-9D83-D6662C363F75}
	EndGlobalSection
EndGlobal
